
Microsoft Visual Studio Solution File, Format Version 12.00
# Visual Studio Version 17
VisualStudioVersion = 17.11.35327.3
MinimumVisualStudioVersion = 10.0.40219.1
Project("{FAE04EC0-301F-11D3-BF4B-00C04F79EFBC}") = "api", "api\api.csproj", "{E6AF75BF-FFA8-4E7B-BF20-97A2C58EEAD9}"
EndProject
Global
	GlobalSection(SolutionConfigurationPlatforms) = preSolution
		Debug|Any CPU = Debug|Any CPU
		Release|Any CPU = Release|Any CPU
	EndGlobalSection
	GlobalSection(ProjectConfigurationPlatforms) = postSolution
		{E6AF75BF-FFA8-4E7B-BF20-97A2C58EEAD9}.Debug|Any CPU.ActiveCfg = Debug|Any CPU
		{E6AF75BF-FFA8-4E7B-BF20-97A2C58EEAD9}.Debug|Any CPU.Build.0 = Debug|Any CPU
		{E6AF75BF-FFA8-4E7B-BF20-97A2C58EEAD9}.Release|Any CPU.ActiveCfg = Release|Any CPU
		{E6AF75BF-FFA8-4E7B-BF20-97A2C58EEAD9}.Release|Any CPU.Build.0 = Release|Any CPU
	EndGlobalSection
	GlobalSection(SolutionProperties) = preSolution
		HideSolutionNode = FALSE
	EndGlobalSection
	GlobalSection(ExtensibilityGlobals) = postSolution
		SolutionGuid = {12426F5F-2191-49A1-809A-3AED059C820C}
	EndGlobalSection
EndGlobal
